// !$*UTF8*$!
{
	archiveVersion = 1;
	classes = {
	};
	objectVersion = 46;
	objects = {

/* Begin PBXBuildFile section */
		83CE4CC11DEB01DB0016DAA7 /* AppDelegate.swift in Sources */ = {isa = PBXBuildFile; fileRef = 83CE4CC01DEB01DB0016DAA7 /* AppDelegate.swift */; };
		83CE4CC31DEB01DB0016DAA7 /* TimeTableController.swift in Sources */ = {isa = PBXBuildFile; fileRef = 83CE4CC21DEB01DB0016DAA7 /* TimeTableController.swift */; };
		83CE4CC61DEB01DB0016DAA7 /* Main.storyboard in Resources */ = {isa = PBXBuildFile; fileRef = 83CE4CC41DEB01DB0016DAA7 /* Main.storyboard */; };
		83CE4CC81DEB01DB0016DAA7 /* Assets.xcassets in Resources */ = {isa = PBXBuildFile; fileRef = 83CE4CC71DEB01DB0016DAA7 /* Assets.xcassets */; };
		83CE4CCB1DEB01DB0016DAA7 /* LaunchScreen.storyboard in Resources */ = {isa = PBXBuildFile; fileRef = 83CE4CC91DEB01DB0016DAA7 /* LaunchScreen.storyboard */; };
		83CE4CD31DEB03620016DAA7 /* Extensions.swift in Sources */ = {isa = PBXBuildFile; fileRef = 83CE4CD21DEB03620016DAA7 /* Extensions.swift */; };
		83CE4CD51DEB07E10016DAA7 /* MenuBar.swift in Sources */ = {isa = PBXBuildFile; fileRef = 83CE4CD41DEB07E10016DAA7 /* MenuBar.swift */; };
		83CE4CD71DEB0B970016DAA7 /* BaseCell.swift in Sources */ = {isa = PBXBuildFile; fileRef = 83CE4CD61DEB0B970016DAA7 /* BaseCell.swift */; };
		83CE4CD91DEB0BA70016DAA7 /* MenuCell.swift in Sources */ = {isa = PBXBuildFile; fileRef = 83CE4CD81DEB0BA70016DAA7 /* MenuCell.swift */; };
		83CE4CDB1DEB12440016DAA7 /* BaseDayCell.swift in Sources */ = {isa = PBXBuildFile; fileRef = 83CE4CDA1DEB12440016DAA7 /* BaseDayCell.swift */; };
		83CE4CDD1DEB12AB0016DAA7 /* ClassCell.swift in Sources */ = {isa = PBXBuildFile; fileRef = 83CE4CDC1DEB12AB0016DAA7 /* ClassCell.swift */; };
/* End PBXBuildFile section */

/* Begin PBXFileReference section */
		83CE4CBD1DEB01DA0016DAA7 /* JIIT Connect.app */ = {isa = PBXFileReference; explicitFileType = wrapper.application; includeInIndex = 0; path = "JIIT Connect.app"; sourceTree = BUILT_PRODUCTS_DIR; };
		83CE4CC01DEB01DB0016DAA7 /* AppDelegate.swift */ = {isa = PBXFileReference; lastKnownFileType = sourcecode.swift; path = AppDelegate.swift; sourceTree = "<group>"; };
		83CE4CC21DEB01DB0016DAA7 /* TimeTableController.swift */ = {isa = PBXFileReference; lastKnownFileType = sourcecode.swift; path = TimeTableController.swift; sourceTree = "<group>"; };
		83CE4CC51DEB01DB0016DAA7 /* Base */ = {isa = PBXFileReference; lastKnownFileType = file.storyboard; name = Base; path = Base.lproj/Main.storyboard; sourceTree = "<group>"; };
		83CE4CC71DEB01DB0016DAA7 /* Assets.xcassets */ = {isa = PBXFileReference; lastKnownFileType = folder.assetcatalog; path = Assets.xcassets; sourceTree = "<group>"; };
		83CE4CCA1DEB01DB0016DAA7 /* Base */ = {isa = PBXFileReference; lastKnownFileType = file.storyboard; name = Base; path = Base.lproj/LaunchScreen.storyboard; sourceTree = "<group>"; };
		83CE4CCC1DEB01DB0016DAA7 /* Info.plist */ = {isa = PBXFileReference; lastKnownFileType = text.plist.xml; path = Info.plist; sourceTree = "<group>"; };
		83CE4CD21DEB03620016DAA7 /* Extensions.swift */ = {isa = PBXFileReference; fileEncoding = 4; lastKnownFileType = sourcecode.swift; path = Extensions.swift; sourceTree = "<group>"; };
		83CE4CD41DEB07E10016DAA7 /* MenuBar.swift */ = {isa = PBXFileReference; fileEncoding = 4; lastKnownFileType = sourcecode.swift; path = MenuBar.swift; sourceTree = "<group>"; };
		83CE4CD61DEB0B970016DAA7 /* BaseCell.swift */ = {isa = PBXFileReference; fileEncoding = 4; lastKnownFileType = sourcecode.swift; path = BaseCell.swift; sourceTree = "<group>"; };
		83CE4CD81DEB0BA70016DAA7 /* MenuCell.swift */ = {isa = PBXFileReference; fileEncoding = 4; lastKnownFileType = sourcecode.swift; path = MenuCell.swift; sourceTree = "<group>"; };
		83CE4CDA1DEB12440016DAA7 /* BaseDayCell.swift */ = {isa = PBXFileReference; fileEncoding = 4; lastKnownFileType = sourcecode.swift; path = BaseDayCell.swift; sourceTree = "<group>"; };
		83CE4CDC1DEB12AB0016DAA7 /* ClassCell.swift */ = {isa = PBXFileReference; fileEncoding = 4; lastKnownFileType = sourcecode.swift; path = ClassCell.swift; sourceTree = "<group>"; };
/* End PBXFileReference section */

/* Begin PBXFrameworksBuildPhase section */
		83CE4CBA1DEB01DA0016DAA7 /* Frameworks */ = {
			isa = PBXFrameworksBuildPhase;
			buildActionMask = 2147483647;
			files = (
			);
			runOnlyForDeploymentPostprocessing = 0;
		};
/* End PBXFrameworksBuildPhase section */

/* Begin PBXGroup section */
		83CE4CB41DEB01DA0016DAA7 = {
			isa = PBXGroup;
			children = (
				83CE4CBF1DEB01DA0016DAA7 /* JIIT Connect */,
				83CE4CBE1DEB01DA0016DAA7 /* Products */,
			);
			sourceTree = "<group>";
		};
		83CE4CBE1DEB01DA0016DAA7 /* Products */ = {
			isa = PBXGroup;
			children = (
				83CE4CBD1DEB01DA0016DAA7 /* JIIT Connect.app */,
			);
			name = Products;
			sourceTree = "<group>";
		};
		83CE4CBF1DEB01DA0016DAA7 /* JIIT Connect */ = {
			isa = PBXGroup;
			children = (
				83CE4CDC1DEB12AB0016DAA7 /* ClassCell.swift */,
				83CE4CD21DEB03620016DAA7 /* Extensions.swift */,
				83CE4CC01DEB01DB0016DAA7 /* AppDelegate.swift */,
				83CE4CD41DEB07E10016DAA7 /* MenuBar.swift */,
				83CE4CDA1DEB12440016DAA7 /* BaseDayCell.swift */,
				83CE4CD81DEB0BA70016DAA7 /* MenuCell.swift */,
				83CE4CD61DEB0B970016DAA7 /* BaseCell.swift */,
				83CE4CC21DEB01DB0016DAA7 /* TimeTableController.swift */,
				83CE4CC41DEB01DB0016DAA7 /* Main.storyboard */,
				83CE4CC71DEB01DB0016DAA7 /* Assets.xcassets */,
				83CE4CC91DEB01DB0016DAA7 /* LaunchScreen.storyboard */,
				83CE4CCC1DEB01DB0016DAA7 /* Info.plist */,
			);
			path = "JIIT Connect";
			sourceTree = "<group>";
		};
/* End PBXGroup section */

/* Begin PBXNativeTarget section */
		83CE4CBC1DEB01DA0016DAA7 /* JIIT Connect */ = {
			isa = PBXNativeTarget;
			buildConfigurationList = 83CE4CCF1DEB01DB0016DAA7 /* Build configuration list for PBXNativeTarget "JIIT Connect" */;
			buildPhases = (
				83CE4CB91DEB01DA0016DAA7 /* Sources */,
				83CE4CBA1DEB01DA0016DAA7 /* Frameworks */,
				83CE4CBB1DEB01DA0016DAA7 /* Resources */,
			);
			buildRules = (
			);
			dependencies = (
			);
			name = "JIIT Connect";
			productName = "JIIT Connect";
			productReference = 83CE4CBD1DEB01DA0016DAA7 /* JIIT Connect.app */;
			productType = "com.apple.product-type.application";
		};
/* End PBXNativeTarget section */

/* Begin PBXProject section */
		83CE4CB51DEB01DA0016DAA7 /* Project object */ = {
			isa = PBXProject;
			attributes = {
				LastSwiftUpdateCheck = 0810;
				LastUpgradeCheck = 0810;
				ORGANIZATIONNAME = "Sanchit Garg";
				TargetAttributes = {
					83CE4CBC1DEB01DA0016DAA7 = {
						CreatedOnToolsVersion = 8.1;
						DevelopmentTeam = 8366B7L8MG;
						ProvisioningStyle = Automatic;
					};
				};
			};
			buildConfigurationList = 83CE4CB81DEB01DA0016DAA7 /* Build configuration list for PBXProject "JIIT Connect" */;
			compatibilityVersion = "Xcode 3.2";
			developmentRegion = English;
			hasScannedForEncodings = 0;
			knownRegions = (
				en,
				Base,
			);
			mainGroup = 83CE4CB41DEB01DA0016DAA7;
			productRefGroup = 83CE4CBE1DEB01DA0016DAA7 /* Products */;
			projectDirPath = "";
			projectRoot = "";
			targets = (
				83CE4CBC1DEB01DA0016DAA7 /* JIIT Connect */,
			);
		};
/* End PBXProject section */

/* Begin PBXResourcesBuildPhase section */
		83CE4CBB1DEB01DA0016DAA7 /* Resources */ = {
			isa = PBXResourcesBuildPhase;
			buildActionMask = 2147483647;
			files = (
				83CE4CCB1DEB01DB0016DAA7 /* LaunchScreen.storyboard in Resources */,
				83CE4CC81DEB01DB0016DAA7 /* Assets.xcassets in Resources */,
				83CE4CC61DEB01DB0016DAA7 /* Main.storyboard in Resources */,
			);
			runOnlyForDeploymentPostprocessing = 0;
		};
/* End PBXResourcesBuildPhase section */

/* Begin PBXSourcesBuildPhase section */
		83CE4CB91DEB01DA0016DAA7 /* Sources */ = {
			isa = PBXSourcesBuildPhase;
			buildActionMask = 2147483647;
			files = (
				83CE4CDB1DEB12440016DAA7 /* BaseDayCell.swift in Sources */,
				83CE4CDD1DEB12AB0016DAA7 /* ClassCell.swift in Sources */,
				83CE4CC31DEB01DB0016DAA7 /* TimeTableController.swift in Sources */,
				83CE4CD31DEB03620016DAA7 /* Extensions.swift in Sources */,
				83CE4CD91DEB0BA70016DAA7 /* MenuCell.swift in Sources */,
				83CE4CD51DEB07E10016DAA7 /* MenuBar.swift in Sources */,
				83CE4CD71DEB0B970016DAA7 /* BaseCell.swift in Sources */,
				83CE4CC11DEB01DB0016DAA7 /* AppDelegate.swift in Sources */,
			);
			runOnlyForDeploymentPostprocessing = 0;
		};
/* End PBXSourcesBuildPhase section */

/* Begin PBXVariantGroup section */
		83CE4CC41DEB01DB0016DAA7 /* Main.storyboard */ = {
			isa = PBXVariantGroup;
			children = (
				83CE4CC51DEB01DB0016DAA7 /* Base */,
			);
			name = Main.storyboard;
			sourceTree = "<group>";
		};
		83CE4CC91DEB01DB0016DAA7 /* LaunchScreen.storyboard */ = {
			isa = PBXVariantGroup;
			children = (
				83CE4CCA1DEB01DB0016DAA7 /* Base */,
			);
			name = LaunchScreen.storyboard;
			sourceTree = "<group>";
		};
/* End PBXVariantGroup section */

/* Begin XCBuildConfiguration section */
		83CE4CCD1DEB01DB0016DAA7 /* Debug */ = {
			isa = XCBuildConfiguration;
			buildSettings = {
				ALWAYS_SEARCH_USER_PATHS = NO;
				CLANG_ANALYZER_NONNULL = YES;
				CLANG_CXX_LANGUAGE_STANDARD = "gnu++0x";
				CLANG_CXX_LIBRARY = "libc++";
				CLANG_ENABLE_MODULES = YES;
				CLANG_ENABLE_OBJC_ARC = YES;
				CLANG_WARN_BOOL_CONVERSION = YES;
				CLANG_WARN_CONSTANT_CONVERSION = YES;
				CLANG_WARN_DIRECT_OBJC_ISA_USAGE = YES_ERROR;
				CLANG_WARN_DOCUMENTATION_COMMENTS = YES;
				CLANG_WARN_EMPTY_BODY = YES;
				CLANG_WARN_ENUM_CONVERSION = YES;
				CLANG_WARN_INFINITE_RECURSION = YES;
				CLANG_WARN_INT_CONVERSION = YES;
				CLANG_WARN_OBJC_ROOT_CLASS = YES_ERROR;
				CLANG_WARN_SUSPICIOUS_MOVES = YES;
				CLANG_WARN_UNREACHABLE_CODE = YES;
				CLANG_WARN__DUPLICATE_METHOD_MATCH = YES;
				"CODE_SIGN_IDENTITY[sdk=iphoneos*]" = "iPhone Developer";
				COPY_PHASE_STRIP = NO;
				DEBUG_INFORMATION_FORMAT = dwarf;
				ENABLE_STRICT_OBJC_MSGSEND = YES;
				ENABLE_TESTABILITY = YES;
				GCC_C_LANGUAGE_STANDARD = gnu99;
				GCC_DYNAMIC_NO_PIC = NO;
				GCC_NO_COMMON_BLOCKS = YES;
				GCC_OPTIMIZATION_LEVEL = 0;
				GCC_PREPROCESSOR_DEFINITIONS = (
					"DEBUG=1",
					"$(inherited)",
				);
				GCC_WARN_64_TO_32_BIT_CONVERSION = YES;
				GCC_WARN_ABOUT_RETURN_TYPE = YES_ERROR;
				GCC_WARN_UNDECLARED_SELECTOR = YES;
				GCC_WARN_UNINITIALIZED_AUTOS = YES_AGGRESSIVE;
				GCC_WARN_UNUSED_FUNCTION = YES;
				GCC_WARN_UNUSED_VARIABLE = YES;
				IPHONEOS_DEPLOYMENT_TARGET = 10.1;
				MTL_ENABLE_DEBUG_INFO = YES;
				ONLY_ACTIVE_ARCH = YES;
				SDKROOT = iphoneos;
				SWIFT_ACTIVE_COMPILATION_CONDITIONS = DEBUG;
				SWIFT_OPTIMIZATION_LEVEL = "-Onone";
			};
			name = Debug;
		};
		83CE4CCE1DEB01DB0016DAA7 /* Release */ = {
			isa = XCBuildConfiguration;
			buildSettings = {
				ALWAYS_SEARCH_USER_PATHS = NO;
				CLANG_ANALYZER_NONNULL = YES;
				CLANG_CXX_LANGUAGE_STANDARD = "gnu++0x";
				CLANG_CXX_LIBRARY = "libc++";
				CLANG_ENABLE_MODULES = YES;
				CLANG_ENABLE_OBJC_ARC = YES;
				CLANG_WARN_BOOL_CONVERSION = YES;
				CLANG_WARN_CONSTANT_CONVERSION = YES;
				CLANG_WARN_DIRECT_OBJC_ISA_USAGE = YES_ERROR;
				CLANG_WARN_DOCUMENTATION_COMMENTS = YES;
				CLANG_WARN_EMPTY_BODY = YES;
				CLANG_WARN_ENUM_CONVERSION = YES;
				CLANG_WARN_INFINITE_RECURSION = YES;
				CLANG_WARN_INT_CONVERSION = YES;
				CLANG_WARN_OBJC_ROOT_CLASS = YES_ERROR;
				CLANG_WARN_SUSPICIOUS_MOVES = YES;
				CLANG_WARN_UNREACHABLE_CODE = YES;
				CLANG_WARN__DUPLICATE_METHOD_MATCH = YES;
				"CODE_SIGN_IDENTITY[sdk=iphoneos*]" = "iPhone Developer";
				COPY_PHASE_STRIP = NO;
				DEBUG_INFORMATION_FORMAT = "dwarf-with-dsym";
				ENABLE_NS_ASSERTIONS = NO;
				ENABLE_STRICT_OBJC_MSGSEND = YES;
				GCC_C_LANGUAGE_STANDARD = gnu99;
				GCC_NO_COMMON_BLOCKS = YES;
				GCC_WARN_64_TO_32_BIT_CONVERSION = YES;
				GCC_WARN_ABOUT_RETURN_TYPE = YES_ERROR;
				GCC_WARN_UNDECLARED_SELECTOR = YES;
				GCC_WARN_UNINITIALIZED_AUTOS = YES_AGGRESSIVE;
				GCC_WARN_UNUSED_FUNCTION = YES;
				GCC_WARN_UNUSED_VARIABLE = YES;
				IPHONEOS_DEPLOYMENT_TARGET = 10.1;
				MTL_ENABLE_DEBUG_INFO = NO;
				SDKROOT = iphoneos;
				SWIFT_OPTIMIZATION_LEVEL = "-Owholemodule";
				VALIDATE_PRODUCT = YES;
			};
			name = Release;
		};
		83CE4CD01DEB01DB0016DAA7 /* Debug */ = {
			isa = XCBuildConfiguration;
			buildSettings = {
				ASSETCATALOG_COMPILER_APPICON_NAME = AppIcon;
				DEVELOPMENT_TEAM = 8366B7L8MG;
				INFOPLIST_FILE = "JIIT Connect/Info.plist";
				LD_RUNPATH_SEARCH_PATHS = "$(inherited) @executable_path/Frameworks";
				PRODUCT_BUNDLE_IDENTIFIER = com.sanchitgarg.jiitconnect;
				PRODUCT_NAME = "$(TARGET_NAME)";
				SWIFT_VERSION = 3.0;
			};
			name = Debug;
		};
		83CE4CD11DEB01DB0016DAA7 /* Release */ = {
			isa = XCBuildConfiguration;
			buildSettings = {
				ASSETCATALOG_COMPILER_APPICON_NAME = AppIcon;
				DEVELOPMENT_TEAM = 8366B7L8MG;
				INFOPLIST_FILE = "JIIT Connect/Info.plist";
				LD_RUNPATH_SEARCH_PATHS = "$(inherited) @executable_path/Frameworks";
				PRODUCT_BUNDLE_IDENTIFIER = com.sanchitgarg.jiitconnect;
				PRODUCT_NAME = "$(TARGET_NAME)";
				SWIFT_VERSION = 3.0;
			};
			name = Release;
		};
/* End XCBuildConfiguration section */

/* Begin XCConfigurationList section */
		83CE4CB81DEB01DA0016DAA7 /* Build configuration list for PBXProject "JIIT Connect" */ = {
			isa = XCConfigurationList;
			buildConfigurations = (
				83CE4CCD1DEB01DB0016DAA7 /* Debug */,
				83CE4CCE1DEB01DB0016DAA7 /* Release */,
			);
			defaultConfigurationIsVisible = 0;
			defaultConfigurationName = Release;
		};
		83CE4CCF1DEB01DB0016DAA7 /* Build configuration list for PBXNativeTarget "JIIT Connect" */ = {
			isa = XCConfigurationList;
			buildConfigurations = (
				83CE4CD01DEB01DB0016DAA7 /* Debug */,
				83CE4CD11DEB01DB0016DAA7 /* Release */,
			);
			defaultConfigurationIsVisible = 0;
		};
/* End XCConfigurationList section */
	};
	rootObject = 83CE4CB51DEB01DA0016DAA7 /* Project object */;
}
